
Microsoft Visual Studio Solution File, Format Version 12.00
# Visual Studio Version 17
VisualStudioVersion = 17.7.34221.43
MinimumVisualStudioVersion = 10.0.40219.1
Project("{FAE04EC0-301F-11D3-BF4B-00C04F79EFBC}") = "TwentyOneCSharpQuestions", "ThirtyCSharpQuestions\TwentyOneCSharpQuestions.csproj", "{CACAA1D1-C604-451E-9017-98B98D2C916D}"
EndProject
Global
	GlobalSection(SolutionConfigurationPlatforms) = preSolution
		Debug|Any CPU = Debug|Any CPU
		Release|Any CPU = Release|Any CPU
	EndGlobalSection
	GlobalSection(ProjectConfigurationPlatforms) = postSolution
		{CACAA1D1-C604-451E-9017-98B98D2C916D}.Debug|Any CPU.ActiveCfg = Debug|Any CPU
		{CACAA1D1-C604-451E-9017-98B98D2C916D}.Debug|Any CPU.Build.0 = Debug|Any CPU
		{CACAA1D1-C604-451E-9017-98B98D2C916D}.Release|Any CPU.ActiveCfg = Release|Any CPU
		{CACAA1D1-C604-451E-9017-98B98D2C916D}.Release|Any CPU.Build.0 = Release|Any CPU
	EndGlobalSection
	GlobalSection(SolutionProperties) = preSolution
		HideSolutionNode = FALSE
	EndGlobalSection
	GlobalSection(ExtensibilityGlobals) = postSolution
		SolutionGuid = {6B24EBF1-79FA-4AE8-A5D0-E3F25AC7913B}
	EndGlobalSection
EndGlobal
